
Microsoft Visual Studio Solution File, Format Version 12.00
Project("{FAE04EC0-301F-11D3-BF4B-00C04F79EFBC}") = "SierraStack.Mediator", "SierraStack.Mediator\SierraStack.Mediator.csproj", "{C9089818-4D8D-4C9D-A05A-B709A8C36ECA}"
EndProject
Project("{FAE04EC0-301F-11D3-BF4B-00C04F79EFBC}") = "SierraStack.Mediator.Sample", "SierraStack.Mediator.Sample\SierraStack.Mediator.Sample.csproj", "{A71F9D29-6804-41D6-BA96-43AF21E158A6}"
EndProject
Project("{FAE04EC0-301F-11D3-BF4B-00C04F79EFBC}") = "SierraStack.Mediator.Extensions.Microsoft", "SierraStack.Mediator.Extensions.Microsoft\SierraStack.Mediator.Extensions.Microsoft.csproj", "{F967B7EB-EE3B-4DF9-BE12-349DEC855D5D}"
EndProject
Global
	GlobalSection(SolutionConfigurationPlatforms) = preSolution
		Debug|Any CPU = Debug|Any CPU
		Release|Any CPU = Release|Any CPU
	EndGlobalSection
	GlobalSection(ProjectConfigurationPlatforms) = postSolution
		{28C81E07-8C4C-485A-9AD4-15B19BBEE7D4}.Debug|Any CPU.ActiveCfg = Debug|Any CPU
		{28C81E07-8C4C-485A-9AD4-15B19BBEE7D4}.Debug|Any CPU.Build.0 = Debug|Any CPU
		{28C81E07-8C4C-485A-9AD4-15B19BBEE7D4}.Release|Any CPU.ActiveCfg = Release|Any CPU
		{28C81E07-8C4C-485A-9AD4-15B19BBEE7D4}.Release|Any CPU.Build.0 = Release|Any CPU
		{C9089818-4D8D-4C9D-A05A-B709A8C36ECA}.Debug|Any CPU.ActiveCfg = Debug|Any CPU
		{C9089818-4D8D-4C9D-A05A-B709A8C36ECA}.Debug|Any CPU.Build.0 = Debug|Any CPU
		{C9089818-4D8D-4C9D-A05A-B709A8C36ECA}.Release|Any CPU.ActiveCfg = Release|Any CPU
		{C9089818-4D8D-4C9D-A05A-B709A8C36ECA}.Release|Any CPU.Build.0 = Release|Any CPU
		{A71F9D29-6804-41D6-BA96-43AF21E158A6}.Debug|Any CPU.ActiveCfg = Debug|Any CPU
		{A71F9D29-6804-41D6-BA96-43AF21E158A6}.Debug|Any CPU.Build.0 = Debug|Any CPU
		{A71F9D29-6804-41D6-BA96-43AF21E158A6}.Release|Any CPU.ActiveCfg = Release|Any CPU
		{A71F9D29-6804-41D6-BA96-43AF21E158A6}.Release|Any CPU.Build.0 = Release|Any CPU
		{F967B7EB-EE3B-4DF9-BE12-349DEC855D5D}.Debug|Any CPU.ActiveCfg = Debug|Any CPU
		{F967B7EB-EE3B-4DF9-BE12-349DEC855D5D}.Debug|Any CPU.Build.0 = Debug|Any CPU
		{F967B7EB-EE3B-4DF9-BE12-349DEC855D5D}.Release|Any CPU.ActiveCfg = Release|Any CPU
		{F967B7EB-EE3B-4DF9-BE12-349DEC855D5D}.Release|Any CPU.Build.0 = Release|Any CPU
	EndGlobalSection
EndGlobal
